
Microsoft Visual Studio Solution File, Format Version 12.00
# Visual Studio Version 16
VisualStudioVersion = 16.0.32002.261
MinimumVisualStudioVersion = 10.0.40219.1
Project("{FAE04EC0-301F-11D3-BF4B-00C04F79EFBC}") = "HexapodControlv2", "HexapodControlv2\HexapodControlv2.csproj", "{30F54CF6-83E7-4A05-ABC9-76E5306DB544}"
EndProject
Global
	GlobalSection(SolutionConfigurationPlatforms) = preSolution
		Debug|Any CPU = Debug|Any CPU
		Release|Any CPU = Release|Any CPU
	EndGlobalSection
	GlobalSection(ProjectConfigurationPlatforms) = postSolution
		{30F54CF6-83E7-4A05-ABC9-76E5306DB544}.Debug|Any CPU.ActiveCfg = Debug|Any CPU
		{30F54CF6-83E7-4A05-ABC9-76E5306DB544}.Debug|Any CPU.Build.0 = Debug|Any CPU
		{30F54CF6-83E7-4A05-ABC9-76E5306DB544}.Release|Any CPU.ActiveCfg = Release|Any CPU
		{30F54CF6-83E7-4A05-ABC9-76E5306DB544}.Release|Any CPU.Build.0 = Release|Any CPU
	EndGlobalSection
	GlobalSection(SolutionProperties) = preSolution
		HideSolutionNode = FALSE
	EndGlobalSection
	GlobalSection(ExtensibilityGlobals) = postSolution
		SolutionGuid = {AE6713F8-1167-4554-9158-0CB71E10A091}
	EndGlobalSection
EndGlobal
